{
    "hash": "d204556499a79ccd2ec9f33f9ce7cd46",
    "packages": [
        {
            "name": "jorns/postcodeapinu",
            "version": "dev-master",
            "source": {
                "type": "git",
                "url": "https://github.com/jorns/PostcodeApiNu",
                "reference": "5c4fbbde216964191516723d47902c9983fd4a5e"
            },
            "dist": {
                "type": "zip",
                "url": "https://api.github.com/repos/jorns/PostcodeApiNu/zipball/5c4fbbde216964191516723d47902c9983fd4a5e",
                "reference": "5c4fbbde216964191516723d47902c9983fd4a5e",
                "shasum": ""
            },
            "require": {
                "kriswallsmith/buzz": "0.7",
                "php": ">=5.3.0"
            },
            "time": "2012-12-07 16:05:59",
            "type": "library",
            "installation-source": "source",
            "autoload": {
                "psr-0": {
                    "PostcodeApiNu": "lib/"
                }
            },
            "license": [
                "MIT"
            ],
            "authors": [
                {
                    "name": "Jorn Oomen",
                    "email": "jorn@freshheads.com",
                    "homepage": "http://freshheads.com/"
                }
            ],
            "description": "Superfast dutch postalcode api",
            "homepage": "https://github.com/jorns/PostcodeApiNu",
            "keywords": [
                "postalcode api",
                "geo"
            ],
            "support": {
                "source": "https://github.com/jorns/PostcodeApiNu/tree/master",
                "issues": "https://github.com/jorns/PostcodeApiNu/issues"
            }
        },
        {
            "name": "kriswallsmith/buzz",
            "version": "v0.7",
            "source": {
                "type": "git",
                "url": "http://github.com/kriswallsmith/Buzz.git",
                "reference": "v0.7"
            },
            "dist": {
                "type": "zip",
                "url": "https://github.com/kriswallsmith/Buzz/zipball/v0.7",
                "reference": "v0.7",
                "shasum": ""
            },
            "require": {
                "php": ">=5.3.0"
            },
            "suggest": {
                "ext-curl": "*"
            },
            "time": "2012-06-25 12:01:38",
            "type": "library",
            "installation-source": "dist",
            "autoload": {
                "psr-0": {
                    "Buzz": "lib/"
                }
            },
            "notification-url": "https://packagist.org/downloads/",
            "license": [
                "MIT"
            ],
            "authors": [
                {
                    "name": "Kris Wallsmith",
                    "email": "kris.wallsmith@gmail.com",
                    "homepage": "http://kriswallsmith.net/"
                }
            ],
            "description": "Lightweight HTTP client",
            "homepage": "https://github.com/kriswallsmith/Buzz",
            "keywords": [
                "curl",
                "http client"
            ]
        }
    ],
    "packages-dev": null,
    "aliases": [

    ],
    "minimum-stability": "dev",
    "stability-flags": {
        "jorns/postcodeapinu": 20
    }
}
